
Microsoft Visual Studio Solution File, Format Version 12.00
# Visual Studio Version 16
VisualStudioVersion = 16.0.33927.289
MinimumVisualStudioVersion = 10.0.40219.1
Project("{FAE04EC0-301F-11D3-BF4B-00C04F79EFBC}") = "zad1", "zad1\zad1.csproj", "{928917F0-CE42-4633-987C-E26A34C23642}"
EndProject
Project("{FAE04EC0-301F-11D3-BF4B-00C04F79EFBC}") = "zad2", "zad2\zad2.csproj", "{2BAD525A-C9F9-49C2-848C-7B1155A162A1}"
EndProject
Project("{FAE04EC0-301F-11D3-BF4B-00C04F79EFBC}") = "zad3", "zad3\zad3.csproj", "{812EB969-2A2E-4BA8-BAA1-D610B368C36D}"
EndProject
Project("{FAE04EC0-301F-11D3-BF4B-00C04F79EFBC}") = "zad4", "zad4\zad4.csproj", "{86F3C579-AE87-4F03-AC5C-C108DCF9D958}"
EndProject
Project("{FAE04EC0-301F-11D3-BF4B-00C04F79EFBC}") = "zad5", "zad5\zad5.csproj", "{494AD53C-BA3A-45A3-B8E0-0179ABCA81D1}"
EndProject
Global
	GlobalSection(SolutionConfigurationPlatforms) = preSolution
		Debug|Any CPU = Debug|Any CPU
		Release|Any CPU = Release|Any CPU
	EndGlobalSection
	GlobalSection(ProjectConfigurationPlatforms) = postSolution
		{928917F0-CE42-4633-987C-E26A34C23642}.Debug|Any CPU.ActiveCfg = Debug|Any CPU
		{928917F0-CE42-4633-987C-E26A34C23642}.Debug|Any CPU.Build.0 = Debug|Any CPU
		{928917F0-CE42-4633-987C-E26A34C23642}.Release|Any CPU.ActiveCfg = Release|Any CPU
		{928917F0-CE42-4633-987C-E26A34C23642}.Release|Any CPU.Build.0 = Release|Any CPU
		{2BAD525A-C9F9-49C2-848C-7B1155A162A1}.Debug|Any CPU.ActiveCfg = Debug|Any CPU
		{2BAD525A-C9F9-49C2-848C-7B1155A162A1}.Debug|Any CPU.Build.0 = Debug|Any CPU
		{2BAD525A-C9F9-49C2-848C-7B1155A162A1}.Release|Any CPU.ActiveCfg = Release|Any CPU
		{2BAD525A-C9F9-49C2-848C-7B1155A162A1}.Release|Any CPU.Build.0 = Release|Any CPU
		{812EB969-2A2E-4BA8-BAA1-D610B368C36D}.Debug|Any CPU.ActiveCfg = Debug|Any CPU
		{812EB969-2A2E-4BA8-BAA1-D610B368C36D}.Debug|Any CPU.Build.0 = Debug|Any CPU
		{812EB969-2A2E-4BA8-BAA1-D610B368C36D}.Release|Any CPU.ActiveCfg = Release|Any CPU
		{812EB969-2A2E-4BA8-BAA1-D610B368C36D}.Release|Any CPU.Build.0 = Release|Any CPU
		{86F3C579-AE87-4F03-AC5C-C108DCF9D958}.Debug|Any CPU.ActiveCfg = Debug|Any CPU
		{86F3C579-AE87-4F03-AC5C-C108DCF9D958}.Debug|Any CPU.Build.0 = Debug|Any CPU
		{86F3C579-AE87-4F03-AC5C-C108DCF9D958}.Release|Any CPU.ActiveCfg = Release|Any CPU
		{86F3C579-AE87-4F03-AC5C-C108DCF9D958}.Release|Any CPU.Build.0 = Release|Any CPU
		{494AD53C-BA3A-45A3-B8E0-0179ABCA81D1}.Debug|Any CPU.ActiveCfg = Debug|Any CPU
		{494AD53C-BA3A-45A3-B8E0-0179ABCA81D1}.Debug|Any CPU.Build.0 = Debug|Any CPU
		{494AD53C-BA3A-45A3-B8E0-0179ABCA81D1}.Release|Any CPU.ActiveCfg = Release|Any CPU
		{494AD53C-BA3A-45A3-B8E0-0179ABCA81D1}.Release|Any CPU.Build.0 = Release|Any CPU
	EndGlobalSection
	GlobalSection(SolutionProperties) = preSolution
		HideSolutionNode = FALSE
	EndGlobalSection
	GlobalSection(ExtensibilityGlobals) = postSolution
		SolutionGuid = {0C9CBB46-1F70-48A0-99CF-0809D8B62328}
	EndGlobalSection
EndGlobal
